// !$*UTF8*$!
{
	archiveVersion = 1;
	classes = {
	};
	objectVersion = 55;
	objects = {

/* Begin PBXBuildFile section */
		300BAC0228006A1F00B63C7F /* ViewControllable.swift in Sources */ = {isa = PBXBuildFile; fileRef = 300BAC0128006A1F00B63C7F /* ViewControllable.swift */; };
		300BAC04280074C000B63C7F /* HomeViewModel.swift in Sources */ = {isa = PBXBuildFile; fileRef = 300BAC03280074C000B63C7F /* HomeViewModel.swift */; };
		300BAC062800752000B63C7F /* TargetTypes.swift in Sources */ = {isa = PBXBuildFile; fileRef = 300BAC052800752000B63C7F /* TargetTypes.swift */; };
		300BAC082800791900B63C7F /* RemoteDatasource.swift in Sources */ = {isa = PBXBuildFile; fileRef = 300BAC072800791900B63C7F /* RemoteDatasource.swift */; };
		300BAC0C28007CBA00B63C7F /* NewsCell.swift in Sources */ = {isa = PBXBuildFile; fileRef = 300BAC0A28007CBA00B63C7F /* NewsCell.swift */; };
		300BAC0D28007CBA00B63C7F /* NewsCell.xib in Resources */ = {isa = PBXBuildFile; fileRef = 300BAC0B28007CBA00B63C7F /* NewsCell.xib */; };
		3024929127FD9AE200CA6DCD /* AppDelegate.swift in Sources */ = {isa = PBXBuildFile; fileRef = 3024929027FD9AE200CA6DCD /* AppDelegate.swift */; };
		3024929327FD9AE200CA6DCD /* SceneDelegate.swift in Sources */ = {isa = PBXBuildFile; fileRef = 3024929227FD9AE200CA6DCD /* SceneDelegate.swift */; };
		3024929D27FD9AE300CA6DCD /* Assets.xcassets in Resources */ = {isa = PBXBuildFile; fileRef = 3024929C27FD9AE300CA6DCD /* Assets.xcassets */; };
		302492AA27FD9B1600CA6DCD /* OnBoardingVC.swift in Sources */ = {isa = PBXBuildFile; fileRef = 302492A827FD9B1600CA6DCD /* OnBoardingVC.swift */; };
		302492AB27FD9B1600CA6DCD /* OnBoardingVC.xib in Resources */ = {isa = PBXBuildFile; fileRef = 302492A927FD9B1600CA6DCD /* OnBoardingVC.xib */; };
		302492B427FD9FED00CA6DCD /* SDWebImage in Frameworks */ = {isa = PBXBuildFile; productRef = 302492B327FD9FED00CA6DCD /* SDWebImage */; };
		302492B727FDA08E00CA6DCD /* Moya in Frameworks */ = {isa = PBXBuildFile; productRef = 302492B627FDA08E00CA6DCD /* Moya */; };
		302492BA27FDA3FF00CA6DCD /* Toast in Frameworks */ = {isa = PBXBuildFile; productRef = 302492B927FDA3FF00CA6DCD /* Toast */; };
		302492C227FDA64200CA6DCD /* PaperOnboarding in Frameworks */ = {isa = PBXBuildFile; productRef = 302492C127FDA64200CA6DCD /* PaperOnboarding */; };
		302492C927FDA67F00CA6DCD /* HomeVC.swift in Sources */ = {isa = PBXBuildFile; fileRef = 302492C727FDA67F00CA6DCD /* HomeVC.swift */; };
		302492CA27FDA67F00CA6DCD /* HomeVC.xib in Resources */ = {isa = PBXBuildFile; fileRef = 302492C827FDA67F00CA6DCD /* HomeVC.xib */; };
		302492CC27FDA6C900CA6DCD /* StartingPoint.swift in Sources */ = {isa = PBXBuildFile; fileRef = 302492CB27FDA6C900CA6DCD /* StartingPoint.swift */; };
		302492CE27FDA87D00CA6DCD /* MyUserDefaults.swift in Sources */ = {isa = PBXBuildFile; fileRef = 302492CD27FDA87D00CA6DCD /* MyUserDefaults.swift */; };
		302492D027FDB0C100CA6DCD /* ONBoardingViewModel.swift in Sources */ = {isa = PBXBuildFile; fileRef = 302492CF27FDB0C100CA6DCD /* ONBoardingViewModel.swift */; };
		302492D627FDB17A00CA6DCD /* RxCocoa in Frameworks */ = {isa = PBXBuildFile; productRef = 302492D527FDB17A00CA6DCD /* RxCocoa */; };
		302492D827FDB17A00CA6DCD /* RxRelay in Frameworks */ = {isa = PBXBuildFile; productRef = 302492D727FDB17A00CA6DCD /* RxRelay */; };
		302492DA27FDB17A00CA6DCD /* RxSwift in Frameworks */ = {isa = PBXBuildFile; productRef = 302492D927FDB17A00CA6DCD /* RxSwift */; };
		303F43E728015FFA00D53926 /* DetailsVC.xib in Resources */ = {isa = PBXBuildFile; fileRef = 303F43E528015FFA00D53926 /* DetailsVC.xib */; };
		303F43E828015FFA00D53926 /* DetailsVC.swift in Sources */ = {isa = PBXBuildFile; fileRef = 303F43E628015FFA00D53926 /* DetailsVC.swift */; };
		303F43EA2801604100D53926 /* DetailsViewModel.swift in Sources */ = {isa = PBXBuildFile; fileRef = 303F43E92801604100D53926 /* DetailsViewModel.swift */; };
		303F43ED280162A200D53926 /* NewsSourceVC.swift in Sources */ = {isa = PBXBuildFile; fileRef = 303F43EC280162A200D53926 /* NewsSourceVC.swift */; };
		30829EFF27FEE3B100B06773 /* OnBoardingElement.swift in Sources */ = {isa = PBXBuildFile; fileRef = 30829EFE27FEE3B100B06773 /* OnBoardingElement.swift */; };
		30829F0627FEFAD900B06773 /* ConfigurationsVC.swift in Sources */ = {isa = PBXBuildFile; fileRef = 30829F0427FEFAD900B06773 /* ConfigurationsVC.swift */; };
		30829F0727FEFAD900B06773 /* ConfigurationsVC.xib in Resources */ = {isa = PBXBuildFile; fileRef = 30829F0527FEFAD900B06773 /* ConfigurationsVC.xib */; };
		30B4E9FD2800B08900F8E123 /* Constants.swift in Sources */ = {isa = PBXBuildFile; fileRef = 30B4E9FC2800B08900F8E123 /* Constants.swift */; };
		30B4EA012800B5A100F8E123 /* NewsModel.swift in Sources */ = {isa = PBXBuildFile; fileRef = 30B4EA002800B5A100F8E123 /* NewsModel.swift */; };
		30B4EA042800D8DA00F8E123 /* Realm in Frameworks */ = {isa = PBXBuildFile; productRef = 30B4EA032800D8DA00F8E123 /* Realm */; };
		30B4EA062800D8DA00F8E123 /* RealmSwift in Frameworks */ = {isa = PBXBuildFile; productRef = 30B4EA052800D8DA00F8E123 /* RealmSwift */; };
		30B4EA092800DA1C00F8E123 /* NewsItemModel.swift in Sources */ = {isa = PBXBuildFile; fileRef = 30B4EA082800DA1C00F8E123 /* NewsItemModel.swift */; };
		30B4EA0B2800DC6E00F8E123 /* LocalDataSource.swift in Sources */ = {isa = PBXBuildFile; fileRef = 30B4EA0A2800DC6E00F8E123 /* LocalDataSource.swift */; };
		30B4EA102800E56D00F8E123 /* Repo.swift in Sources */ = {isa = PBXBuildFile; fileRef = 30B4EA0F2800E56D00F8E123 /* Repo.swift */; };
		30D7C9C027FF0C5000495530 /* CountryPickerView in Frameworks */ = {isa = PBXBuildFile; productRef = 30D7C9BF27FF0C5000495530 /* CountryPickerView */; };
		30D7C9C227FF12AB00495530 /* CountriesCodes.swift in Sources */ = {isa = PBXBuildFile; fileRef = 30D7C9C127FF12AB00495530 /* CountriesCodes.swift */; };
		30D7C9C427FF141B00495530 /* ConfigurationsViewModel.swift in Sources */ = {isa = PBXBuildFile; fileRef = 30D7C9C327FF141B00495530 /* ConfigurationsViewModel.swift */; };
		30D7C9C627FF1BA300495530 /* Categories.swift in Sources */ = {isa = PBXBuildFile; fileRef = 30D7C9C527FF1BA300495530 /* Categories.swift */; };
		30D7C9D827FF4F2C00495530 /* InterestCell.swift in Sources */ = {isa = PBXBuildFile; fileRef = 30D7C9D627FF4F2C00495530 /* InterestCell.swift */; };
		30D7C9D927FF4F2C00495530 /* InterestCell.xib in Resources */ = {isa = PBXBuildFile; fileRef = 30D7C9D727FF4F2C00495530 /* InterestCell.xib */; };
		30D7C9DB27FF5DCA00495530 /* ImageSelection.swift in Sources */ = {isa = PBXBuildFile; fileRef = 30D7C9DA27FF5DCA00495530 /* ImageSelection.swift */; };
/* End PBXBuildFile section */

/* Begin PBXFileReference section */
		300BAC0128006A1F00B63C7F /* ViewControllable.swift */ = {isa = PBXFileReference; lastKnownFileType = sourcecode.swift; path = ViewControllable.swift; sourceTree = "<group>"; };
		300BAC03280074C000B63C7F /* HomeViewModel.swift */ = {isa = PBXFileReference; lastKnownFileType = sourcecode.swift; path = HomeViewModel.swift; sourceTree = "<group>"; };
		300BAC052800752000B63C7F /* TargetTypes.swift */ = {isa = PBXFileReference; lastKnownFileType = sourcecode.swift; path = TargetTypes.swift; sourceTree = "<group>"; };
		300BAC072800791900B63C7F /* RemoteDatasource.swift */ = {isa = PBXFileReference; lastKnownFileType = sourcecode.swift; path = RemoteDatasource.swift; sourceTree = "<group>"; };
		300BAC0A28007CBA00B63C7F /* NewsCell.swift */ = {isa = PBXFileReference; lastKnownFileType = sourcecode.swift; path = NewsCell.swift; sourceTree = "<group>"; };
		300BAC0B28007CBA00B63C7F /* NewsCell.xib */ = {isa = PBXFileReference; lastKnownFileType = file.xib; path = NewsCell.xib; sourceTree = "<group>"; };
		3024928D27FD9AE200CA6DCD /* MVVM_News.app */ = {isa = PBXFileReference; explicitFileType = wrapper.application; includeInIndex = 0; path = MVVM_News.app; sourceTree = BUILT_PRODUCTS_DIR; };
		3024929027FD9AE200CA6DCD /* AppDelegate.swift */ = {isa = PBXFileReference; lastKnownFileType = sourcecode.swift; path = AppDelegate.swift; sourceTree = "<group>"; };
		3024929227FD9AE200CA6DCD /* SceneDelegate.swift */ = {isa = PBXFileReference; lastKnownFileType = sourcecode.swift; path = SceneDelegate.swift; sourceTree = "<group>"; };
		3024929C27FD9AE300CA6DCD /* Assets.xcassets */ = {isa = PBXFileReference; lastKnownFileType = folder.assetcatalog; path = Assets.xcassets; sourceTree = "<group>"; };
		302492A127FD9AE300CA6DCD /* Info.plist */ = {isa = PBXFileReference; lastKnownFileType = text.plist.xml; path = Info.plist; sourceTree = "<group>"; };
		302492A827FD9B1600CA6DCD /* OnBoardingVC.swift */ = {isa = PBXFileReference; lastKnownFileType = sourcecode.swift; path = OnBoardingVC.swift; sourceTree = "<group>"; };
		302492A927FD9B1600CA6DCD /* OnBoardingVC.xib */ = {isa = PBXFileReference; lastKnownFileType = file.xib; path = OnBoardingVC.xib; sourceTree = "<group>"; };
		302492C727FDA67F00CA6DCD /* HomeVC.swift */ = {isa = PBXFileReference; lastKnownFileType = sourcecode.swift; path = HomeVC.swift; sourceTree = "<group>"; };
		302492C827FDA67F00CA6DCD /* HomeVC.xib */ = {isa = PBXFileReference; lastKnownFileType = file.xib; path = HomeVC.xib; sourceTree = "<group>"; };
		302492CB27FDA6C900CA6DCD /* StartingPoint.swift */ = {isa = PBXFileReference; lastKnownFileType = sourcecode.swift; path = StartingPoint.swift; sourceTree = "<group>"; };
		302492CD27FDA87D00CA6DCD /* MyUserDefaults.swift */ = {isa = PBXFileReference; lastKnownFileType = sourcecode.swift; path = MyUserDefaults.swift; sourceTree = "<group>"; };
		302492CF27FDB0C100CA6DCD /* ONBoardingViewModel.swift */ = {isa = PBXFileReference; lastKnownFileType = sourcecode.swift; path = ONBoardingViewModel.swift; sourceTree = "<group>"; };
		303F43E528015FFA00D53926 /* DetailsVC.xib */ = {isa = PBXFileReference; fileEncoding = 4; lastKnownFileType = file.xib; path = DetailsVC.xib; sourceTree = "<group>"; };
		303F43E628015FFA00D53926 /* DetailsVC.swift */ = {isa = PBXFileReference; fileEncoding = 4; lastKnownFileType = sourcecode.swift; path = DetailsVC.swift; sourceTree = "<group>"; };
		303F43E92801604100D53926 /* DetailsViewModel.swift */ = {isa = PBXFileReference; lastKnownFileType = sourcecode.swift; path = DetailsViewModel.swift; sourceTree = "<group>"; };
		303F43EC280162A200D53926 /* NewsSourceVC.swift */ = {isa = PBXFileReference; fileEncoding = 4; lastKnownFileType = sourcecode.swift; path = NewsSourceVC.swift; sourceTree = "<group>"; };
		30829EFE27FEE3B100B06773 /* OnBoardingElement.swift */ = {isa = PBXFileReference; lastKnownFileType = sourcecode.swift; path = OnBoardingElement.swift; sourceTree = "<group>"; };
		30829F0427FEFAD900B06773 /* ConfigurationsVC.swift */ = {isa = PBXFileReference; lastKnownFileType = sourcecode.swift; path = ConfigurationsVC.swift; sourceTree = "<group>"; };
		30829F0527FEFAD900B06773 /* ConfigurationsVC.xib */ = {isa = PBXFileReference; lastKnownFileType = file.xib; path = ConfigurationsVC.xib; sourceTree = "<group>"; };
		30B4E9FC2800B08900F8E123 /* Constants.swift */ = {isa = PBXFileReference; lastKnownFileType = sourcecode.swift; path = Constants.swift; sourceTree = "<group>"; };
		30B4EA002800B5A100F8E123 /* NewsModel.swift */ = {isa = PBXFileReference; lastKnownFileType = sourcecode.swift; path = NewsModel.swift; sourceTree = "<group>"; };
		30B4EA082800DA1C00F8E123 /* NewsItemModel.swift */ = {isa = PBXFileReference; lastKnownFileType = sourcecode.swift; path = NewsItemModel.swift; sourceTree = "<group>"; };
		30B4EA0A2800DC6E00F8E123 /* LocalDataSource.swift */ = {isa = PBXFileReference; lastKnownFileType = sourcecode.swift; path = LocalDataSource.swift; sourceTree = "<group>"; };
		30B4EA0F2800E56D00F8E123 /* Repo.swift */ = {isa = PBXFileReference; lastKnownFileType = sourcecode.swift; path = Repo.swift; sourceTree = "<group>"; };
		30D7C9C127FF12AB00495530 /* CountriesCodes.swift */ = {isa = PBXFileReference; lastKnownFileType = sourcecode.swift; path = CountriesCodes.swift; sourceTree = "<group>"; };
		30D7C9C327FF141B00495530 /* ConfigurationsViewModel.swift */ = {isa = PBXFileReference; lastKnownFileType = sourcecode.swift; path = ConfigurationsViewModel.swift; sourceTree = "<group>"; };
		30D7C9C527FF1BA300495530 /* Categories.swift */ = {isa = PBXFileReference; lastKnownFileType = sourcecode.swift; path = Categories.swift; sourceTree = "<group>"; };
		30D7C9D627FF4F2C00495530 /* InterestCell.swift */ = {isa = PBXFileReference; lastKnownFileType = sourcecode.swift; path = InterestCell.swift; sourceTree = "<group>"; };
		30D7C9D727FF4F2C00495530 /* InterestCell.xib */ = {isa = PBXFileReference; lastKnownFileType = file.xib; path = InterestCell.xib; sourceTree = "<group>"; };
		30D7C9DA27FF5DCA00495530 /* ImageSelection.swift */ = {isa = PBXFileReference; lastKnownFileType = sourcecode.swift; path = ImageSelection.swift; sourceTree = "<group>"; };
/* End PBXFileReference section */

/* Begin PBXFrameworksBuildPhase section */
		3024928A27FD9AE200CA6DCD /* Frameworks */ = {
			isa = PBXFrameworksBuildPhase;
			buildActionMask = 2147483647;
			files = (
				302492D827FDB17A00CA6DCD /* RxRelay in Frameworks */,
				302492BA27FDA3FF00CA6DCD /* Toast in Frameworks */,
				302492B727FDA08E00CA6DCD /* Moya in Frameworks */,
				302492D627FDB17A00CA6DCD /* RxCocoa in Frameworks */,
				302492C227FDA64200CA6DCD /* PaperOnboarding in Frameworks */,
				302492B427FD9FED00CA6DCD /* SDWebImage in Frameworks */,
				30B4EA042800D8DA00F8E123 /* Realm in Frameworks */,
				30D7C9C027FF0C5000495530 /* CountryPickerView in Frameworks */,
				30B4EA062800D8DA00F8E123 /* RealmSwift in Frameworks */,
				302492DA27FDB17A00CA6DCD /* RxSwift in Frameworks */,
			);
			runOnlyForDeploymentPostprocessing = 0;
		};
/* End PBXFrameworksBuildPhase section */

/* Begin PBXGroup section */
		300BAC0028006A1000B63C7F /* Base */ = {
			isa = PBXGroup;
			children = (
				300BAC0128006A1F00B63C7F /* ViewControllable.swift */,
			);
			path = Base;
			sourceTree = "<group>";
		};
		300BAC0928007CA400B63C7F /* Cell */ = {
			isa = PBXGroup;
			children = (
				300BAC0A28007CBA00B63C7F /* NewsCell.swift */,
				300BAC0B28007CBA00B63C7F /* NewsCell.xib */,
			);
			path = Cell;
			sourceTree = "<group>";
		};
		3024928427FD9AE200CA6DCD = {
			isa = PBXGroup;
			children = (
				3024928F27FD9AE200CA6DCD /* MVVM_News */,
				3024928E27FD9AE200CA6DCD /* Products */,
			);
			sourceTree = "<group>";
		};
		3024928E27FD9AE200CA6DCD /* Products */ = {
			isa = PBXGroup;
			children = (
				3024928D27FD9AE200CA6DCD /* MVVM_News.app */,
			);
			name = Products;
			sourceTree = "<group>";
		};
		3024928F27FD9AE200CA6DCD /* MVVM_News */ = {
			isa = PBXGroup;
			children = (
				300BAC0028006A1000B63C7F /* Base */,
				302492DB27FDB38700CA6DCD /* Extensions */,
				302492AD27FD9EE000CA6DCD /* Scenes */,
				303F43EB280162A200D53926 /* WebpageScene */,
				302492BB27FDA43300CA6DCD /* Repository */,
				302492AC27FD9ED600CA6DCD /* Application */,
				3024929C27FD9AE300CA6DCD /* Assets.xcassets */,
				302492A127FD9AE300CA6DCD /* Info.plist */,
			);
			path = MVVM_News;
			sourceTree = "<group>";
		};
		302492AC27FD9ED600CA6DCD /* Application */ = {
			isa = PBXGroup;
			children = (
				3024929027FD9AE200CA6DCD /* AppDelegate.swift */,
				3024929227FD9AE200CA6DCD /* SceneDelegate.swift */,
				302492CB27FDA6C900CA6DCD /* StartingPoint.swift */,
			);
			path = Application;
			sourceTree = "<group>";
		};
		302492AD27FD9EE000CA6DCD /* Scenes */ = {
			isa = PBXGroup;
			children = (
				302492AE27FD9EF700CA6DCD /* ONBoarding */,
				30829F0027FEFAAE00B06773 /* Configuration */,
				302492C327FDA65100CA6DCD /* Home */,
				303F43E228015F8B00D53926 /* Details */,
			);
			path = Scenes;
			sourceTree = "<group>";
		};
		302492AE27FD9EF700CA6DCD /* ONBoarding */ = {
			isa = PBXGroup;
			children = (
				302492AF27FD9F0600CA6DCD /* Model */,
				302492B027FD9F0B00CA6DCD /* View */,
				302492B127FD9F0F00CA6DCD /* ViewModel */,
			);
			path = ONBoarding;
			sourceTree = "<group>";
		};
		302492AF27FD9F0600CA6DCD /* Model */ = {
			isa = PBXGroup;
			children = (
				30829EFE27FEE3B100B06773 /* OnBoardingElement.swift */,
			);
			path = Model;
			sourceTree = "<group>";
		};
		302492B027FD9F0B00CA6DCD /* View */ = {
			isa = PBXGroup;
			children = (
				302492A827FD9B1600CA6DCD /* OnBoardingVC.swift */,
				302492A927FD9B1600CA6DCD /* OnBoardingVC.xib */,
			);
			path = View;
			sourceTree = "<group>";
		};
		302492B127FD9F0F00CA6DCD /* ViewModel */ = {
			isa = PBXGroup;
			children = (
				302492CF27FDB0C100CA6DCD /* ONBoardingViewModel.swift */,
			);
			path = ViewModel;
			sourceTree = "<group>";
		};
		302492BB27FDA43300CA6DCD /* Repository */ = {
			isa = PBXGroup;
			children = (
				30B4EA0E2800E55F00F8E123 /* Datasource */,
				302492BD27FDA43E00CA6DCD /* Remote */,
				302492BC27FDA43B00CA6DCD /* Local */,
			);
			path = Repository;
			sourceTree = "<group>";
		};
		302492BC27FDA43B00CA6DCD /* Local */ = {
			isa = PBXGroup;
			children = (
				30B4EA0A2800DC6E00F8E123 /* LocalDataSource.swift */,
				30B4EA072800D9EE00F8E123 /* Models */,
				302492BF27FDA47900CA6DCD /* Userdefaults */,
			);
			path = Local;
			sourceTree = "<group>";
		};
		302492BD27FDA43E00CA6DCD /* Remote */ = {
			isa = PBXGroup;
			children = (
				300BAC072800791900B63C7F /* RemoteDatasource.swift */,
				30B4E9FF2800B57B00F8E123 /* Response */,
				30B4E9FE2800B57700F8E123 /* Request */,
			);
			path = Remote;
			sourceTree = "<group>";
		};
		302492BF27FDA47900CA6DCD /* Userdefaults */ = {
			isa = PBXGroup;
			children = (
				302492CD27FDA87D00CA6DCD /* MyUserDefaults.swift */,
			);
			path = Userdefaults;
			sourceTree = "<group>";
		};
		302492C327FDA65100CA6DCD /* Home */ = {
			isa = PBXGroup;
			children = (
				302492C627FDA66C00CA6DCD /* Model */,
				302492C527FDA66800CA6DCD /* View */,
				302492C427FDA66300CA6DCD /* ViewModel */,
			);
			path = Home;
			sourceTree = "<group>";
		};
		302492C427FDA66300CA6DCD /* ViewModel */ = {
			isa = PBXGroup;
			children = (
				300BAC03280074C000B63C7F /* HomeViewModel.swift */,
			);
			path = ViewModel;
			sourceTree = "<group>";
		};
		302492C527FDA66800CA6DCD /* View */ = {
			isa = PBXGroup;
			children = (
				300BAC0928007CA400B63C7F /* Cell */,
				302492C727FDA67F00CA6DCD /* HomeVC.swift */,
				302492C827FDA67F00CA6DCD /* HomeVC.xib */,
			);
			path = View;
			sourceTree = "<group>";
		};
		302492C627FDA66C00CA6DCD /* Model */ = {
			isa = PBXGroup;
			children = (
			);
			path = Model;
			sourceTree = "<group>";
		};
		302492DB27FDB38700CA6DCD /* Extensions */ = {
			isa = PBXGroup;
			children = (
			);
			path = Extensions;
			sourceTree = "<group>";
		};
		303F43E228015F8B00D53926 /* Details */ = {
			isa = PBXGroup;
			children = (
				303F43E328015F9C00D53926 /* View */,
				303F43E428015F9F00D53926 /* ViewModel */,
			);
			path = Details;
			sourceTree = "<group>";
		};
		303F43E328015F9C00D53926 /* View */ = {
			isa = PBXGroup;
			children = (
				303F43E628015FFA00D53926 /* DetailsVC.swift */,
				303F43E528015FFA00D53926 /* DetailsVC.xib */,
			);
			path = View;
			sourceTree = "<group>";
		};
		303F43E428015F9F00D53926 /* ViewModel */ = {
			isa = PBXGroup;
			children = (
				303F43E92801604100D53926 /* DetailsViewModel.swift */,
			);
			path = ViewModel;
			sourceTree = "<group>";
		};
		303F43EB280162A200D53926 /* WebpageScene */ = {
			isa = PBXGroup;
			children = (
				303F43EC280162A200D53926 /* NewsSourceVC.swift */,
			);
			path = WebpageScene;
			sourceTree = "<group>";
		};
		30829F0027FEFAAE00B06773 /* Configuration */ = {
			isa = PBXGroup;
			children = (
				30829F0327FEFAC600B06773 /* View */,
				30829F0227FEFAC100B06773 /* Model */,
				30829F0127FEFAB900B06773 /* ViewModel */,
			);
			path = Configuration;
			sourceTree = "<group>";
		};
		30829F0127FEFAB900B06773 /* ViewModel */ = {
			isa = PBXGroup;
			children = (
				30D7C9C327FF141B00495530 /* ConfigurationsViewModel.swift */,
			);
			path = ViewModel;
			sourceTree = "<group>";
		};
		30829F0227FEFAC100B06773 /* Model */ = {
			isa = PBXGroup;
			children = (
				30D7C9C127FF12AB00495530 /* CountriesCodes.swift */,
				30D7C9C527FF1BA300495530 /* Categories.swift */,
				30D7C9DA27FF5DCA00495530 /* ImageSelection.swift */,
			);
			path = Model;
			sourceTree = "<group>";
		};
		30829F0327FEFAC600B06773 /* View */ = {
			isa = PBXGroup;
			children = (
				30D7C9D527FF4F1100495530 /* Cell */,
				30829F0427FEFAD900B06773 /* ConfigurationsVC.swift */,
				30829F0527FEFAD900B06773 /* ConfigurationsVC.xib */,
			);
			path = View;
			sourceTree = "<group>";
		};
		30B4E9FE2800B57700F8E123 /* Request */ = {
			isa = PBXGroup;
			children = (
				300BAC052800752000B63C7F /* TargetTypes.swift */,
				30B4E9FC2800B08900F8E123 /* Constants.swift */,
			);
			path = Request;
			sourceTree = "<group>";
		};
		30B4E9FF2800B57B00F8E123 /* Response */ = {
			isa = PBXGroup;
			children = (
				30B4EA002800B5A100F8E123 /* NewsModel.swift */,
			);
			path = Response;
			sourceTree = "<group>";
		};
		30B4EA072800D9EE00F8E123 /* Models */ = {
			isa = PBXGroup;
			children = (
				30B4EA082800DA1C00F8E123 /* NewsItemModel.swift */,
			);
			path = Models;
			sourceTree = "<group>";
		};
		30B4EA0E2800E55F00F8E123 /* Datasource */ = {
			isa = PBXGroup;
			children = (
				30B4EA0F2800E56D00F8E123 /* Repo.swift */,
			);
			path = Datasource;
			sourceTree = "<group>";
		};
		30D7C9D527FF4F1100495530 /* Cell */ = {
			isa = PBXGroup;
			children = (
				30D7C9D627FF4F2C00495530 /* InterestCell.swift */,
				30D7C9D727FF4F2C00495530 /* InterestCell.xib */,
			);
			path = Cell;
			sourceTree = "<group>";
		};
/* End PBXGroup section */

/* Begin PBXNativeTarget section */
		3024928C27FD9AE200CA6DCD /* MVVM_News */ = {
			isa = PBXNativeTarget;
			buildConfigurationList = 302492A427FD9AE300CA6DCD /* Build configuration list for PBXNativeTarget "MVVM_News" */;
			buildPhases = (
				3024928927FD9AE200CA6DCD /* Sources */,
				3024928A27FD9AE200CA6DCD /* Frameworks */,
				3024928B27FD9AE200CA6DCD /* Resources */,
			);
			buildRules = (
			);
			dependencies = (
			);
			name = MVVM_News;
			packageProductDependencies = (
				302492B327FD9FED00CA6DCD /* SDWebImage */,
				302492B627FDA08E00CA6DCD /* Moya */,
				302492B927FDA3FF00CA6DCD /* Toast */,
				302492C127FDA64200CA6DCD /* PaperOnboarding */,
				302492D527FDB17A00CA6DCD /* RxCocoa */,
				302492D727FDB17A00CA6DCD /* RxRelay */,
				302492D927FDB17A00CA6DCD /* RxSwift */,
				30D7C9BF27FF0C5000495530 /* CountryPickerView */,
				30B4EA032800D8DA00F8E123 /* Realm */,
				30B4EA052800D8DA00F8E123 /* RealmSwift */,
			);
			productName = MVVM_News;
			productReference = 3024928D27FD9AE200CA6DCD /* MVVM_News.app */;
			productType = "com.apple.product-type.application";
		};
/* End PBXNativeTarget section */

/* Begin PBXProject section */
		3024928527FD9AE200CA6DCD /* Project object */ = {
			isa = PBXProject;
			attributes = {
				BuildIndependentTargetsInParallel = 1;
				LastSwiftUpdateCheck = 1300;
				LastUpgradeCheck = 1300;
				TargetAttributes = {
					3024928C27FD9AE200CA6DCD = {
						CreatedOnToolsVersion = 13.0;
						LastSwiftMigration = 1300;
					};
				};
			};
			buildConfigurationList = 3024928827FD9AE200CA6DCD /* Build configuration list for PBXProject "MVVM_News" */;
			compatibilityVersion = "Xcode 13.0";
			developmentRegion = en;
			hasScannedForEncodings = 0;
			knownRegions = (
				en,
				Base,
			);
			mainGroup = 3024928427FD9AE200CA6DCD;
			packageReferences = (
				302492B227FD9FED00CA6DCD /* XCRemoteSwiftPackageReference "SDWebImage" */,
				302492B527FDA08E00CA6DCD /* XCRemoteSwiftPackageReference "Moya" */,
				302492B827FDA3FF00CA6DCD /* XCRemoteSwiftPackageReference "Toast-Swift" */,
				302492C027FDA64200CA6DCD /* XCRemoteSwiftPackageReference "paper-onboarding" */,
				302492D427FDB17A00CA6DCD /* XCRemoteSwiftPackageReference "RxSwift" */,
				30D7C9BE27FF0C5000495530 /* XCRemoteSwiftPackageReference "CountryPickerView" */,
				30B4EA022800D8DA00F8E123 /* XCRemoteSwiftPackageReference "realm-swift" */,
			);
			productRefGroup = 3024928E27FD9AE200CA6DCD /* Products */;
			projectDirPath = "";
			projectRoot = "";
			targets = (
				3024928C27FD9AE200CA6DCD /* MVVM_News */,
			);
		};
/* End PBXProject section */

/* Begin PBXResourcesBuildPhase section */
		3024928B27FD9AE200CA6DCD /* Resources */ = {
			isa = PBXResourcesBuildPhase;
			buildActionMask = 2147483647;
			files = (
				303F43E728015FFA00D53926 /* DetailsVC.xib in Resources */,
				300BAC0D28007CBA00B63C7F /* NewsCell.xib in Resources */,
				302492AB27FD9B1600CA6DCD /* OnBoardingVC.xib in Resources */,
				30829F0727FEFAD900B06773 /* ConfigurationsVC.xib in Resources */,
				302492CA27FDA67F00CA6DCD /* HomeVC.xib in Resources */,
				30D7C9D927FF4F2C00495530 /* InterestCell.xib in Resources */,
				3024929D27FD9AE300CA6DCD /* Assets.xcassets in Resources */,
			);
			runOnlyForDeploymentPostprocessing = 0;
		};
/* End PBXResourcesBuildPhase section */

/* Begin PBXSourcesBuildPhase section */
		3024928927FD9AE200CA6DCD /* Sources */ = {
			isa = PBXSourcesBuildPhase;
			buildActionMask = 2147483647;
			files = (
				300BAC04280074C000B63C7F /* HomeViewModel.swift in Sources */,
				302492CE27FDA87D00CA6DCD /* MyUserDefaults.swift in Sources */,
				30829EFF27FEE3B100B06773 /* OnBoardingElement.swift in Sources */,
				30D7C9DB27FF5DCA00495530 /* ImageSelection.swift in Sources */,
				302492C927FDA67F00CA6DCD /* HomeVC.swift in Sources */,
				30B4EA092800DA1C00F8E123 /* NewsItemModel.swift in Sources */,
				30B4EA012800B5A100F8E123 /* NewsModel.swift in Sources */,
				30B4EA102800E56D00F8E123 /* Repo.swift in Sources */,
				302492D027FDB0C100CA6DCD /* ONBoardingViewModel.swift in Sources */,
				300BAC082800791900B63C7F /* RemoteDatasource.swift in Sources */,
				3024929127FD9AE200CA6DCD /* AppDelegate.swift in Sources */,
				303F43E828015FFA00D53926 /* DetailsVC.swift in Sources */,
				303F43ED280162A200D53926 /* NewsSourceVC.swift in Sources */,
				300BAC062800752000B63C7F /* TargetTypes.swift in Sources */,
				30D7C9C227FF12AB00495530 /* CountriesCodes.swift in Sources */,
				30B4EA0B2800DC6E00F8E123 /* LocalDataSource.swift in Sources */,
				30B4E9FD2800B08900F8E123 /* Constants.swift in Sources */,
				30D7C9C427FF141B00495530 /* ConfigurationsViewModel.swift in Sources */,
				3024929327FD9AE200CA6DCD /* SceneDelegate.swift in Sources */,
				302492CC27FDA6C900CA6DCD /* StartingPoint.swift in Sources */,
				300BAC0C28007CBA00B63C7F /* NewsCell.swift in Sources */,
				302492AA27FD9B1600CA6DCD /* OnBoardingVC.swift in Sources */,
				30829F0627FEFAD900B06773 /* ConfigurationsVC.swift in Sources */,
				300BAC0228006A1F00B63C7F /* ViewControllable.swift in Sources */,
				30D7C9D827FF4F2C00495530 /* InterestCell.swift in Sources */,
				30D7C9C627FF1BA300495530 /* Categories.swift in Sources */,
				303F43EA2801604100D53926 /* DetailsViewModel.swift in Sources */,
			);
			runOnlyForDeploymentPostprocessing = 0;
		};
/* End PBXSourcesBuildPhase section */

/* Begin XCBuildConfiguration section */
		302492A227FD9AE300CA6DCD /* Debug */ = {
			isa = XCBuildConfiguration;
			buildSettings = {
				ALWAYS_SEARCH_USER_PATHS = NO;
				CLANG_ANALYZER_NONNULL = YES;
				CLANG_ANALYZER_NUMBER_OBJECT_CONVERSION = YES_AGGRESSIVE;
				CLANG_CXX_LANGUAGE_STANDARD = "gnu++17";
				CLANG_CXX_LIBRARY = "libc++";
				CLANG_ENABLE_MODULES = YES;
				CLANG_ENABLE_OBJC_ARC = YES;
				CLANG_ENABLE_OBJC_WEAK = YES;
				CLANG_WARN_BLOCK_CAPTURE_AUTORELEASING = YES;
				CLANG_WARN_BOOL_CONVERSION = YES;
				CLANG_WARN_COMMA = YES;
				CLANG_WARN_CONSTANT_CONVERSION = YES;
				CLANG_WARN_DEPRECATED_OBJC_IMPLEMENTATIONS = YES;
				CLANG_WARN_DIRECT_OBJC_ISA_USAGE = YES_ERROR;
				CLANG_WARN_DOCUMENTATION_COMMENTS = YES;
				CLANG_WARN_EMPTY_BODY = YES;
				CLANG_WARN_ENUM_CONVERSION = YES;
				CLANG_WARN_INFINITE_RECURSION = YES;
				CLANG_WARN_INT_CONVERSION = YES;
				CLANG_WARN_NON_LITERAL_NULL_CONVERSION = YES;
				CLANG_WARN_OBJC_IMPLICIT_RETAIN_SELF = YES;
				CLANG_WARN_OBJC_LITERAL_CONVERSION = YES;
				CLANG_WARN_OBJC_ROOT_CLASS = YES_ERROR;
				CLANG_WARN_QUOTED_INCLUDE_IN_FRAMEWORK_HEADER = YES;
				CLANG_WARN_RANGE_LOOP_ANALYSIS = YES;
				CLANG_WARN_STRICT_PROTOTYPES = YES;
				CLANG_WARN_SUSPICIOUS_MOVE = YES;
				CLANG_WARN_UNGUARDED_AVAILABILITY = YES_AGGRESSIVE;
				CLANG_WARN_UNREACHABLE_CODE = YES;
				CLANG_WARN__DUPLICATE_METHOD_MATCH = YES;
				COPY_PHASE_STRIP = NO;
				DEBUG_INFORMATION_FORMAT = dwarf;
				ENABLE_STRICT_OBJC_MSGSEND = YES;
				ENABLE_TESTABILITY = YES;
				GCC_C_LANGUAGE_STANDARD = gnu11;
				GCC_DYNAMIC_NO_PIC = NO;
				GCC_NO_COMMON_BLOCKS = YES;
				GCC_OPTIMIZATION_LEVEL = 0;
				GCC_PREPROCESSOR_DEFINITIONS = (
					"DEBUG=1",
					"$(inherited)",
				);
				GCC_WARN_64_TO_32_BIT_CONVERSION = YES;
				GCC_WARN_ABOUT_RETURN_TYPE = YES_ERROR;
				GCC_WARN_UNDECLARED_SELECTOR = YES;
				GCC_WARN_UNINITIALIZED_AUTOS = YES_AGGRESSIVE;
				GCC_WARN_UNUSED_FUNCTION = YES;
				GCC_WARN_UNUSED_VARIABLE = YES;
				IPHONEOS_DEPLOYMENT_TARGET = 15.0;
				MTL_ENABLE_DEBUG_INFO = INCLUDE_SOURCE;
				MTL_FAST_MATH = YES;
				ONLY_ACTIVE_ARCH = YES;
				SDKROOT = iphoneos;
				SWIFT_ACTIVE_COMPILATION_CONDITIONS = DEBUG;
				SWIFT_OPTIMIZATION_LEVEL = "-Onone";
			};
			name = Debug;
		};
		302492A327FD9AE300CA6DCD /* Release */ = {
			isa = XCBuildConfiguration;
			buildSettings = {
				ALWAYS_SEARCH_USER_PATHS = NO;
				CLANG_ANALYZER_NONNULL = YES;
				CLANG_ANALYZER_NUMBER_OBJECT_CONVERSION = YES_AGGRESSIVE;
				CLANG_CXX_LANGUAGE_STANDARD = "gnu++17";
				CLANG_CXX_LIBRARY = "libc++";
				CLANG_ENABLE_MODULES = YES;
				CLANG_ENABLE_OBJC_ARC = YES;
				CLANG_ENABLE_OBJC_WEAK = YES;
				CLANG_WARN_BLOCK_CAPTURE_AUTORELEASING = YES;
				CLANG_WARN_BOOL_CONVERSION = YES;
				CLANG_WARN_COMMA = YES;
				CLANG_WARN_CONSTANT_CONVERSION = YES;
				CLANG_WARN_DEPRECATED_OBJC_IMPLEMENTATIONS = YES;
				CLANG_WARN_DIRECT_OBJC_ISA_USAGE = YES_ERROR;
				CLANG_WARN_DOCUMENTATION_COMMENTS = YES;
				CLANG_WARN_EMPTY_BODY = YES;
				CLANG_WARN_ENUM_CONVERSION = YES;
				CLANG_WARN_INFINITE_RECURSION = YES;
				CLANG_WARN_INT_CONVERSION = YES;
				CLANG_WARN_NON_LITERAL_NULL_CONVERSION = YES;
				CLANG_WARN_OBJC_IMPLICIT_RETAIN_SELF = YES;
				CLANG_WARN_OBJC_LITERAL_CONVERSION = YES;
				CLANG_WARN_OBJC_ROOT_CLASS = YES_ERROR;
				CLANG_WARN_QUOTED_INCLUDE_IN_FRAMEWORK_HEADER = YES;
				CLANG_WARN_RANGE_LOOP_ANALYSIS = YES;
				CLANG_WARN_STRICT_PROTOTYPES = YES;
				CLANG_WARN_SUSPICIOUS_MOVE = YES;
				CLANG_WARN_UNGUARDED_AVAILABILITY = YES_AGGRESSIVE;
				CLANG_WARN_UNREACHABLE_CODE = YES;
				CLANG_WARN__DUPLICATE_METHOD_MATCH = YES;
				COPY_PHASE_STRIP = NO;
				DEBUG_INFORMATION_FORMAT = "dwarf-with-dsym";
				ENABLE_NS_ASSERTIONS = NO;
				ENABLE_STRICT_OBJC_MSGSEND = YES;
				GCC_C_LANGUAGE_STANDARD = gnu11;
				GCC_NO_COMMON_BLOCKS = YES;
				GCC_WARN_64_TO_32_BIT_CONVERSION = YES;
				GCC_WARN_ABOUT_RETURN_TYPE = YES_ERROR;
				GCC_WARN_UNDECLARED_SELECTOR = YES;
				GCC_WARN_UNINITIALIZED_AUTOS = YES_AGGRESSIVE;
				GCC_WARN_UNUSED_FUNCTION = YES;
				GCC_WARN_UNUSED_VARIABLE = YES;
				IPHONEOS_DEPLOYMENT_TARGET = 15.0;
				MTL_ENABLE_DEBUG_INFO = NO;
				MTL_FAST_MATH = YES;
				SDKROOT = iphoneos;
				SWIFT_COMPILATION_MODE = wholemodule;
				SWIFT_OPTIMIZATION_LEVEL = "-O";
				VALIDATE_PRODUCT = YES;
			};
			name = Release;
		};
		302492A527FD9AE300CA6DCD /* Debug */ = {
			isa = XCBuildConfiguration;
			buildSettings = {
				ASSETCATALOG_COMPILER_APPICON_NAME = AppIcon;
				ASSETCATALOG_COMPILER_GLOBAL_ACCENT_COLOR_NAME = AccentColor;
				CLANG_ENABLE_MODULES = YES;
				CODE_SIGN_IDENTITY = "Apple Development";
				CODE_SIGN_STYLE = Automatic;
				CURRENT_PROJECT_VERSION = 1;
				DEVELOPMENT_TEAM = AK2TZ88ALS;
				GENERATE_INFOPLIST_FILE = YES;
				INFOPLIST_FILE = MVVM_News/Info.plist;
				INFOPLIST_KEY_UIApplicationSupportsIndirectInputEvents = YES;
				INFOPLIST_KEY_UILaunchStoryboardName = LaunchScreen;
				INFOPLIST_KEY_UISupportedInterfaceOrientations_iPad = "UIInterfaceOrientationPortrait UIInterfaceOrientationPortraitUpsideDown UIInterfaceOrientationLandscapeLeft UIInterfaceOrientationLandscapeRight";
				INFOPLIST_KEY_UISupportedInterfaceOrientations_iPhone = "UIInterfaceOrientationPortrait UIInterfaceOrientationLandscapeLeft UIInterfaceOrientationLandscapeRight";
				LD_RUNPATH_SEARCH_PATHS = (
					"$(inherited)",
					"@executable_path/Frameworks",
				);
				MARKETING_VERSION = 1.0;
				PRODUCT_BUNDLE_IDENTIFIER = "com.Amin.MVVM-Newsm";
				PRODUCT_NAME = "$(TARGET_NAME)";
				PROVISIONING_PROFILE_SPECIFIER = "";
				SWIFT_EMIT_LOC_STRINGS = YES;
				SWIFT_OPTIMIZATION_LEVEL = "-Onone";
				SWIFT_VERSION = 5.0;
				TARGETED_DEVICE_FAMILY = "1,2";
			};
			name = Debug;
		};
		302492A627FD9AE300CA6DCD /* Release */ = {
			isa = XCBuildConfiguration;
			buildSettings = {
				ASSETCATALOG_COMPILER_APPICON_NAME = AppIcon;
				ASSETCATALOG_COMPILER_GLOBAL_ACCENT_COLOR_NAME = AccentColor;
				CLANG_ENABLE_MODULES = YES;
				CODE_SIGN_IDENTITY = "Apple Development";
				CODE_SIGN_STYLE = Automatic;
				CURRENT_PROJECT_VERSION = 1;
				DEVELOPMENT_TEAM = AK2TZ88ALS;
				GENERATE_INFOPLIST_FILE = YES;
				INFOPLIST_FILE = MVVM_News/Info.plist;
				INFOPLIST_KEY_UIApplicationSupportsIndirectInputEvents = YES;
				INFOPLIST_KEY_UILaunchStoryboardName = LaunchScreen;
				INFOPLIST_KEY_UISupportedInterfaceOrientations_iPad = "UIInterfaceOrientationPortrait UIInterfaceOrientationPortraitUpsideDown UIInterfaceOrientationLandscapeLeft UIInterfaceOrientationLandscapeRight";
				INFOPLIST_KEY_UISupportedInterfaceOrientations_iPhone = "UIInterfaceOrientationPortrait UIInterfaceOrientationLandscapeLeft UIInterfaceOrientationLandscapeRight";
				LD_RUNPATH_SEARCH_PATHS = (
					"$(inherited)",
					"@executable_path/Frameworks",
				);
				MARKETING_VERSION = 1.0;
				PRODUCT_BUNDLE_IDENTIFIER = "com.Amin.MVVM-Newsm";
				PRODUCT_NAME = "$(TARGET_NAME)";
				PROVISIONING_PROFILE_SPECIFIER = "";
				SWIFT_EMIT_LOC_STRINGS = YES;
				SWIFT_VERSION = 5.0;
				TARGETED_DEVICE_FAMILY = "1,2";
			};
			name = Release;
		};
/* End XCBuildConfiguration section */

/* Begin XCConfigurationList section */
		3024928827FD9AE200CA6DCD /* Build configuration list for PBXProject "MVVM_News" */ = {
			isa = XCConfigurationList;
			buildConfigurations = (
				302492A227FD9AE300CA6DCD /* Debug */,
				302492A327FD9AE300CA6DCD /* Release */,
			);
			defaultConfigurationIsVisible = 0;
			defaultConfigurationName = Release;
		};
		302492A427FD9AE300CA6DCD /* Build configuration list for PBXNativeTarget "MVVM_News" */ = {
			isa = XCConfigurationList;
			buildConfigurations = (
				302492A527FD9AE300CA6DCD /* Debug */,
				302492A627FD9AE300CA6DCD /* Release */,
			);
			defaultConfigurationIsVisible = 0;
			defaultConfigurationName = Release;
		};
/* End XCConfigurationList section */

/* Begin XCRemoteSwiftPackageReference section */
		302492B227FD9FED00CA6DCD /* XCRemoteSwiftPackageReference "SDWebImage" */ = {
			isa = XCRemoteSwiftPackageReference;
			repositoryURL = "https://github.com/SDWebImage/SDWebImage";
			requirement = {
				branch = master;
				kind = branch;
			};
		};
		302492B527FDA08E00CA6DCD /* XCRemoteSwiftPackageReference "Moya" */ = {
			isa = XCRemoteSwiftPackageReference;
			repositoryURL = "https://github.com/Moya/Moya.git";
			requirement = {
				branch = master;
				kind = branch;
			};
		};
		302492B827FDA3FF00CA6DCD /* XCRemoteSwiftPackageReference "Toast-Swift" */ = {
			isa = XCRemoteSwiftPackageReference;
			repositoryURL = "https://github.com/scalessec/Toast-Swift";
			requirement = {
				branch = master;
				kind = branch;
			};
		};
		302492C027FDA64200CA6DCD /* XCRemoteSwiftPackageReference "paper-onboarding" */ = {
			isa = XCRemoteSwiftPackageReference;
			repositoryURL = "https://github.com/Ramotion/paper-onboarding";
			requirement = {
				kind = upToNextMajorVersion;
				minimumVersion = 6.0.0;
			};
		};
		302492D427FDB17A00CA6DCD /* XCRemoteSwiftPackageReference "RxSwift" */ = {
			isa = XCRemoteSwiftPackageReference;
			repositoryURL = "https://github.com/ReactiveX/RxSwift";
			requirement = {
				branch = main;
				kind = branch;
			};
		};
		30B4EA022800D8DA00F8E123 /* XCRemoteSwiftPackageReference "realm-swift" */ = {
			isa = XCRemoteSwiftPackageReference;
			repositoryURL = "https://github.com/realm/realm-swift";
			requirement = {
				branch = master;
				kind = branch;
			};
		};
		30D7C9BE27FF0C5000495530 /* XCRemoteSwiftPackageReference "CountryPickerView" */ = {
			isa = XCRemoteSwiftPackageReference;
			repositoryURL = "https://github.com/kizitonwose/CountryPickerView";
			requirement = {
				branch = master;
				kind = branch;
			};
		};
/* End XCRemoteSwiftPackageReference section */

/* Begin XCSwiftPackageProductDependency section */
		302492B327FD9FED00CA6DCD /* SDWebImage */ = {
			isa = XCSwiftPackageProductDependency;
			package = 302492B227FD9FED00CA6DCD /* XCRemoteSwiftPackageReference "SDWebImage" */;
			productName = SDWebImage;
		};
		302492B627FDA08E00CA6DCD /* Moya */ = {
			isa = XCSwiftPackageProductDependency;
			package = 302492B527FDA08E00CA6DCD /* XCRemoteSwiftPackageReference "Moya" */;
			productName = Moya;
		};
		302492B927FDA3FF00CA6DCD /* Toast */ = {
			isa = XCSwiftPackageProductDependency;
			package = 302492B827FDA3FF00CA6DCD /* XCRemoteSwiftPackageReference "Toast-Swift" */;
			productName = Toast;
		};
		302492C127FDA64200CA6DCD /* PaperOnboarding */ = {
			isa = XCSwiftPackageProductDependency;
			package = 302492C027FDA64200CA6DCD /* XCRemoteSwiftPackageReference "paper-onboarding" */;
			productName = PaperOnboarding;
		};
		302492D527FDB17A00CA6DCD /* RxCocoa */ = {
			isa = XCSwiftPackageProductDependency;
			package = 302492D427FDB17A00CA6DCD /* XCRemoteSwiftPackageReference "RxSwift" */;
			productName = RxCocoa;
		};
		302492D727FDB17A00CA6DCD /* RxRelay */ = {
			isa = XCSwiftPackageProductDependency;
			package = 302492D427FDB17A00CA6DCD /* XCRemoteSwiftPackageReference "RxSwift" */;
			productName = RxRelay;
		};
		302492D927FDB17A00CA6DCD /* RxSwift */ = {
			isa = XCSwiftPackageProductDependency;
			package = 302492D427FDB17A00CA6DCD /* XCRemoteSwiftPackageReference "RxSwift" */;
			productName = RxSwift;
		};
		30B4EA032800D8DA00F8E123 /* Realm */ = {
			isa = XCSwiftPackageProductDependency;
			package = 30B4EA022800D8DA00F8E123 /* XCRemoteSwiftPackageReference "realm-swift" */;
			productName = Realm;
		};
		30B4EA052800D8DA00F8E123 /* RealmSwift */ = {
			isa = XCSwiftPackageProductDependency;
			package = 30B4EA022800D8DA00F8E123 /* XCRemoteSwiftPackageReference "realm-swift" */;
			productName = RealmSwift;
		};
		30D7C9BF27FF0C5000495530 /* CountryPickerView */ = {
			isa = XCSwiftPackageProductDependency;
			package = 30D7C9BE27FF0C5000495530 /* XCRemoteSwiftPackageReference "CountryPickerView" */;
			productName = CountryPickerView;
		};
/* End XCSwiftPackageProductDependency section */
	};
	rootObject = 3024928527FD9AE200CA6DCD /* Project object */;
}
